// !$*UTF8*$!
{
	archiveVersion = 1;
	classes = {
	};
	objectVersion = 55;
	objects = {

/* Begin PBXBuildFile section */
		BE0363FE28B14FBC00C667F5 /* LinkSlidesApp.swift in Sources */ = {isa = PBXBuildFile; fileRef = BE0363FD28B14FBC00C667F5 /* LinkSlidesApp.swift */; };
		BE03640228B14FBD00C667F5 /* Assets.xcassets in Resources */ = {isa = PBXBuildFile; fileRef = BE03640128B14FBD00C667F5 /* Assets.xcassets */; };
		BE03640528B14FBD00C667F5 /* Preview Assets.xcassets in Resources */ = {isa = PBXBuildFile; fileRef = BE03640428B14FBD00C667F5 /* Preview Assets.xcassets */; };
		BE03641A28B1588500C667F5 /* Beginning.swift in Sources */ = {isa = PBXBuildFile; fileRef = BE03641928B1588500C667F5 /* Beginning.swift */; };
		BE03641C28B1589100C667F5 /* End.swift in Sources */ = {isa = PBXBuildFile; fileRef = BE03641B28B1589100C667F5 /* End.swift */; };
		BE4D2D5028BBCAD10086D7D8 /* UvodOTematu.swift in Sources */ = {isa = PBXBuildFile; fileRef = BE4D2D4F28BBCAD10086D7D8 /* UvodOTematu.swift */; };
		BE6430E428BCC48300BDB7D6 /* CShrnuti.swift in Sources */ = {isa = PBXBuildFile; fileRef = BE6430E328BCC48300BDB7D6 /* CShrnuti.swift */; };
		BE6430E828BCC58800BDB7D6 /* OCoToJe.swift in Sources */ = {isa = PBXBuildFile; fileRef = BE6430E728BCC58800BDB7D6 /* OCoToJe.swift */; };
		BE6430EA28BCF0B300BDB7D6 /* OCteni.swift in Sources */ = {isa = PBXBuildFile; fileRef = BE6430E928BCF0B300BDB7D6 /* OCteni.swift */; };
		BE6430ED28BD01AD00BDB7D6 /* CLibStaticka.swift in Sources */ = {isa = PBXBuildFile; fileRef = BE6430EC28BD01AD00BDB7D6 /* CLibStaticka.swift */; };
		BE6430EF28BD0BFC00BDB7D6 /* CLibDynamicka.swift in Sources */ = {isa = PBXBuildFile; fileRef = BE6430EE28BD0BFC00BDB7D6 /* CLibDynamicka.swift */; };
		BE6430F228BD15C200BDB7D6 /* SwiftShrnuti.swift in Sources */ = {isa = PBXBuildFile; fileRef = BE6430F128BD15C200BDB7D6 /* SwiftShrnuti.swift */; };
		BE6430F428BD179700BDB7D6 /* SwiftModule.swift in Sources */ = {isa = PBXBuildFile; fileRef = BE6430F328BD179700BDB7D6 /* SwiftModule.swift */; };
		BE6430F628BD19C200BDB7D6 /* SwiftStatic.swift in Sources */ = {isa = PBXBuildFile; fileRef = BE6430F528BD19C200BDB7D6 /* SwiftStatic.swift */; };
		BE6430FA28BD27BF00BDB7D6 /* CBackground.swift in Sources */ = {isa = PBXBuildFile; fileRef = BE6430F928BD27BF00BDB7D6 /* CBackground.swift */; };
		BE6430FC28BD291800BDB7D6 /* LibBackground.swift in Sources */ = {isa = PBXBuildFile; fileRef = BE6430FB28BD291800BDB7D6 /* LibBackground.swift */; };
		BE6430FE28BD2A6A00BDB7D6 /* OBackground.swift in Sources */ = {isa = PBXBuildFile; fileRef = BE6430FD28BD2A6A00BDB7D6 /* OBackground.swift */; };
		BE8C2E00295C800400AD11C2 /* SlideUI in Frameworks */ = {isa = PBXBuildFile; productRef = BE8C2DFF295C800400AD11C2 /* SlideUI */; };
		BE8C2E02295C800400AD11C2 /* SlideUICommons in Frameworks */ = {isa = PBXBuildFile; productRef = BE8C2E01295C800400AD11C2 /* SlideUICommons */; };
		BE8C2E04295C800400AD11C2 /* SlideUIViews in Frameworks */ = {isa = PBXBuildFile; productRef = BE8C2E03295C800400AD11C2 /* SlideUIViews */; };
		BEA78EE428BBCD4F00EC5816 /* UvodProc.swift in Sources */ = {isa = PBXBuildFile; fileRef = BEA78EE328BBCD4F00EC5816 /* UvodProc.swift */; };
		BEA78EE828BBCE9E00EC5816 /* KnihovnyDylibVSA.swift in Sources */ = {isa = PBXBuildFile; fileRef = BEA78EE728BBCE9E00EC5816 /* KnihovnyDylibVSA.swift */; };
		BEA78EEA28BBEF2A00EC5816 /* KnihovnyHighLvl.swift in Sources */ = {isa = PBXBuildFile; fileRef = BEA78EE928BBEF2A00EC5816 /* KnihovnyHighLvl.swift */; };
		BEA78EEC28BBF3B200EC5816 /* KnihovnyHandoff.swift in Sources */ = {isa = PBXBuildFile; fileRef = BEA78EEB28BBF3B200EC5816 /* KnihovnyHandoff.swift */; };
		BEA78EEF28BBFD6E00EC5816 /* CZaklad.swift in Sources */ = {isa = PBXBuildFile; fileRef = BEA78EEE28BBFD6E00EC5816 /* CZaklad.swift */; };
		BEA78EF128BC18E300EC5816 /* CHeader.swift in Sources */ = {isa = PBXBuildFile; fileRef = BEA78EF028BC18E300EC5816 /* CHeader.swift */; };
		BEA78EF328BC1E6800EC5816 /* CDvaSoubory.swift in Sources */ = {isa = PBXBuildFile; fileRef = BEA78EF228BC1E6800EC5816 /* CDvaSoubory.swift */; };
		BEAE171D28D0D21D0057A27A /* Patrik.swift in Sources */ = {isa = PBXBuildFile; fileRef = BEAE171C28D0D21D0057A27A /* Patrik.swift */; };
		BEBB4F3128B4C87B00F5DEB8 /* SwiftBackground.swift in Sources */ = {isa = PBXBuildFile; fileRef = BEBB4F3028B4C87B00F5DEB8 /* SwiftBackground.swift */; };
/* End PBXBuildFile section */

/* Begin PBXFileReference section */
		BE0363FA28B14FBC00C667F5 /* LinkSlides.app */ = {isa = PBXFileReference; explicitFileType = wrapper.application; includeInIndex = 0; path = LinkSlides.app; sourceTree = BUILT_PRODUCTS_DIR; };
		BE0363FD28B14FBC00C667F5 /* LinkSlidesApp.swift */ = {isa = PBXFileReference; lastKnownFileType = sourcecode.swift; path = LinkSlidesApp.swift; sourceTree = "<group>"; };
		BE03640128B14FBD00C667F5 /* Assets.xcassets */ = {isa = PBXFileReference; lastKnownFileType = folder.assetcatalog; path = Assets.xcassets; sourceTree = "<group>"; };
		BE03640428B14FBD00C667F5 /* Preview Assets.xcassets */ = {isa = PBXFileReference; lastKnownFileType = folder.assetcatalog; path = "Preview Assets.xcassets"; sourceTree = "<group>"; };
		BE03640628B14FBD00C667F5 /* LinkSlides.entitlements */ = {isa = PBXFileReference; lastKnownFileType = text.plist.entitlements; path = LinkSlides.entitlements; sourceTree = "<group>"; };
		BE03641928B1588500C667F5 /* Beginning.swift */ = {isa = PBXFileReference; lastKnownFileType = sourcecode.swift; path = Beginning.swift; sourceTree = "<group>"; };
		BE03641B28B1589100C667F5 /* End.swift */ = {isa = PBXFileReference; lastKnownFileType = sourcecode.swift; path = End.swift; sourceTree = "<group>"; };
		BE4D2D4F28BBCAD10086D7D8 /* UvodOTematu.swift */ = {isa = PBXFileReference; lastKnownFileType = sourcecode.swift; path = UvodOTematu.swift; sourceTree = "<group>"; };
		BE6430E328BCC48300BDB7D6 /* CShrnuti.swift */ = {isa = PBXFileReference; lastKnownFileType = sourcecode.swift; path = CShrnuti.swift; sourceTree = "<group>"; };
		BE6430E728BCC58800BDB7D6 /* OCoToJe.swift */ = {isa = PBXFileReference; lastKnownFileType = sourcecode.swift; path = OCoToJe.swift; sourceTree = "<group>"; };
		BE6430E928BCF0B300BDB7D6 /* OCteni.swift */ = {isa = PBXFileReference; lastKnownFileType = sourcecode.swift; path = OCteni.swift; sourceTree = "<group>"; };
		BE6430EC28BD01AD00BDB7D6 /* CLibStaticka.swift */ = {isa = PBXFileReference; lastKnownFileType = sourcecode.swift; path = CLibStaticka.swift; sourceTree = "<group>"; };
		BE6430EE28BD0BFC00BDB7D6 /* CLibDynamicka.swift */ = {isa = PBXFileReference; lastKnownFileType = sourcecode.swift; path = CLibDynamicka.swift; sourceTree = "<group>"; };
		BE6430F128BD15C200BDB7D6 /* SwiftShrnuti.swift */ = {isa = PBXFileReference; lastKnownFileType = sourcecode.swift; path = SwiftShrnuti.swift; sourceTree = "<group>"; };
		BE6430F328BD179700BDB7D6 /* SwiftModule.swift */ = {isa = PBXFileReference; lastKnownFileType = sourcecode.swift; path = SwiftModule.swift; sourceTree = "<group>"; };
		BE6430F528BD19C200BDB7D6 /* SwiftStatic.swift */ = {isa = PBXFileReference; lastKnownFileType = sourcecode.swift; path = SwiftStatic.swift; sourceTree = "<group>"; };
		BE6430F928BD27BF00BDB7D6 /* CBackground.swift */ = {isa = PBXFileReference; lastKnownFileType = sourcecode.swift; path = CBackground.swift; sourceTree = "<group>"; };
		BE6430FB28BD291800BDB7D6 /* LibBackground.swift */ = {isa = PBXFileReference; lastKnownFileType = sourcecode.swift; path = LibBackground.swift; sourceTree = "<group>"; };
		BE6430FD28BD2A6A00BDB7D6 /* OBackground.swift */ = {isa = PBXFileReference; lastKnownFileType = sourcecode.swift; path = OBackground.swift; sourceTree = "<group>"; };
		BEA78EE328BBCD4F00EC5816 /* UvodProc.swift */ = {isa = PBXFileReference; lastKnownFileType = sourcecode.swift; path = UvodProc.swift; sourceTree = "<group>"; };
		BEA78EE728BBCE9E00EC5816 /* KnihovnyDylibVSA.swift */ = {isa = PBXFileReference; lastKnownFileType = sourcecode.swift; path = KnihovnyDylibVSA.swift; sourceTree = "<group>"; };
		BEA78EE928BBEF2A00EC5816 /* KnihovnyHighLvl.swift */ = {isa = PBXFileReference; lastKnownFileType = sourcecode.swift; path = KnihovnyHighLvl.swift; sourceTree = "<group>"; };
		BEA78EEB28BBF3B200EC5816 /* KnihovnyHandoff.swift */ = {isa = PBXFileReference; lastKnownFileType = sourcecode.swift; path = KnihovnyHandoff.swift; sourceTree = "<group>"; };
		BEA78EEE28BBFD6E00EC5816 /* CZaklad.swift */ = {isa = PBXFileReference; lastKnownFileType = sourcecode.swift; path = CZaklad.swift; sourceTree = "<group>"; };
		BEA78EF028BC18E300EC5816 /* CHeader.swift */ = {isa = PBXFileReference; lastKnownFileType = sourcecode.swift; path = CHeader.swift; sourceTree = "<group>"; };
		BEA78EF228BC1E6800EC5816 /* CDvaSoubory.swift */ = {isa = PBXFileReference; lastKnownFileType = sourcecode.swift; path = CDvaSoubory.swift; sourceTree = "<group>"; };
		BEAE171C28D0D21D0057A27A /* Patrik.swift */ = {isa = PBXFileReference; lastKnownFileType = sourcecode.swift; path = Patrik.swift; sourceTree = "<group>"; };
		BEBB4F3028B4C87B00F5DEB8 /* SwiftBackground.swift */ = {isa = PBXFileReference; lastKnownFileType = sourcecode.swift; path = SwiftBackground.swift; sourceTree = "<group>"; };
/* End PBXFileReference section */

/* Begin PBXFrameworksBuildPhase section */
		BE0363F728B14FBC00C667F5 /* Frameworks */ = {
			isa = PBXFrameworksBuildPhase;
			buildActionMask = 2147483647;
			files = (
				BE8C2E04295C800400AD11C2 /* SlideUIViews in Frameworks */,
				BE8C2E00295C800400AD11C2 /* SlideUI in Frameworks */,
				BE8C2E02295C800400AD11C2 /* SlideUICommons in Frameworks */,
			);
			runOnlyForDeploymentPostprocessing = 0;
		};
/* End PBXFrameworksBuildPhase section */

/* Begin PBXGroup section */
		BE0363F128B14FBC00C667F5 = {
			isa = PBXGroup;
			children = (
				BE0363FC28B14FBC00C667F5 /* LinkSlides */,
				BE0363FB28B14FBC00C667F5 /* Products */,
				BEC4898128E0CD67004969CA /* Frameworks */,
			);
			sourceTree = "<group>";
		};
		BE0363FB28B14FBC00C667F5 /* Products */ = {
			isa = PBXGroup;
			children = (
				BE0363FA28B14FBC00C667F5 /* LinkSlides.app */,
			);
			name = Products;
			sourceTree = "<group>";
		};
		BE0363FC28B14FBC00C667F5 /* LinkSlides */ = {
			isa = PBXGroup;
			children = (
				BE03640128B14FBD00C667F5 /* Assets.xcassets */,
				BE0363FD28B14FBC00C667F5 /* LinkSlidesApp.swift */,
				BEBB4F2D28B4C86000F5DEB8 /* Backgrounds */,
				BE03641628B1586100C667F5 /* Slides */,
				BE03640C28B14FD200C667F5 /* Supporting */,
			);
			path = LinkSlides;
			sourceTree = "<group>";
		};
		BE03640C28B14FD200C667F5 /* Supporting */ = {
			isa = PBXGroup;
			children = (
				BE03640428B14FBD00C667F5 /* Preview Assets.xcassets */,
				BE03640628B14FBD00C667F5 /* LinkSlides.entitlements */,
			);
			path = Supporting;
			sourceTree = "<group>";
		};
		BE03641628B1586100C667F5 /* Slides */ = {
			isa = PBXGroup;
			children = (
				BE6430F028BD0ED500BDB7D6 /* Swift */,
				BE6430EB28BD019800BDB7D6 /* CLib */,
				BE6430E628BCC57A00BDB7D6 /* O */,
				BEA78EED28BBFD5800EC5816 /* C */,
				BEA78EE628BBCE7300EC5816 /* Knihovny */,
				BEA78EE528BBCE6900EC5816 /* Uvod */,
				BE03641928B1588500C667F5 /* Beginning.swift */,
				BE03641B28B1589100C667F5 /* End.swift */,
				BEAE171C28D0D21D0057A27A /* Patrik.swift */,
			);
			path = Slides;
			sourceTree = "<group>";
		};
		BE6430E628BCC57A00BDB7D6 /* O */ = {
			isa = PBXGroup;
			children = (
				BE6430E728BCC58800BDB7D6 /* OCoToJe.swift */,
				BE6430E928BCF0B300BDB7D6 /* OCteni.swift */,
			);
			path = O;
			sourceTree = "<group>";
		};
		BE6430EB28BD019800BDB7D6 /* CLib */ = {
			isa = PBXGroup;
			children = (
				BE6430EC28BD01AD00BDB7D6 /* CLibStaticka.swift */,
				BE6430EE28BD0BFC00BDB7D6 /* CLibDynamicka.swift */,
			);
			path = CLib;
			sourceTree = "<group>";
		};
		BE6430F028BD0ED500BDB7D6 /* Swift */ = {
			isa = PBXGroup;
			children = (
				BE6430F128BD15C200BDB7D6 /* SwiftShrnuti.swift */,
				BE6430F328BD179700BDB7D6 /* SwiftModule.swift */,
				BE6430F528BD19C200BDB7D6 /* SwiftStatic.swift */,
			);
			path = Swift;
			sourceTree = "<group>";
		};
		BEA78EE528BBCE6900EC5816 /* Uvod */ = {
			isa = PBXGroup;
			children = (
				BE4D2D4F28BBCAD10086D7D8 /* UvodOTematu.swift */,
				BEA78EE328BBCD4F00EC5816 /* UvodProc.swift */,
			);
			path = Uvod;
			sourceTree = "<group>";
		};
		BEA78EE628BBCE7300EC5816 /* Knihovny */ = {
			isa = PBXGroup;
			children = (
				BEA78EE728BBCE9E00EC5816 /* KnihovnyDylibVSA.swift */,
				BEA78EE928BBEF2A00EC5816 /* KnihovnyHighLvl.swift */,
				BEA78EEB28BBF3B200EC5816 /* KnihovnyHandoff.swift */,
			);
			path = Knihovny;
			sourceTree = "<group>";
		};
		BEA78EED28BBFD5800EC5816 /* C */ = {
			isa = PBXGroup;
			children = (
				BEA78EEE28BBFD6E00EC5816 /* CZaklad.swift */,
				BEA78EF028BC18E300EC5816 /* CHeader.swift */,
				BEA78EF228BC1E6800EC5816 /* CDvaSoubory.swift */,
				BE6430E328BCC48300BDB7D6 /* CShrnuti.swift */,
			);
			path = C;
			sourceTree = "<group>";
		};
		BEBB4F2D28B4C86000F5DEB8 /* Backgrounds */ = {
			isa = PBXGroup;
			children = (
				BEBB4F3028B4C87B00F5DEB8 /* SwiftBackground.swift */,
				BE6430F928BD27BF00BDB7D6 /* CBackground.swift */,
				BE6430FB28BD291800BDB7D6 /* LibBackground.swift */,
				BE6430FD28BD2A6A00BDB7D6 /* OBackground.swift */,
			);
			path = Backgrounds;
			sourceTree = "<group>";
		};
		BEC4898128E0CD67004969CA /* Frameworks */ = {
			isa = PBXGroup;
			children = (
			);
			name = Frameworks;
			sourceTree = "<group>";
		};
/* End PBXGroup section */

/* Begin PBXNativeTarget section */
		BE0363F928B14FBC00C667F5 /* LinkSlides */ = {
			isa = PBXNativeTarget;
			buildConfigurationList = BE03640928B14FBD00C667F5 /* Build configuration list for PBXNativeTarget "LinkSlides" */;
			buildPhases = (
				BE0363F628B14FBC00C667F5 /* Sources */,
				BE0363F728B14FBC00C667F5 /* Frameworks */,
				BE0363F828B14FBC00C667F5 /* Resources */,
			);
			buildRules = (
			);
			dependencies = (
			);
			name = LinkSlides;
			packageProductDependencies = (
				BE8C2DFF295C800400AD11C2 /* SlideUI */,
				BE8C2E01295C800400AD11C2 /* SlideUICommons */,
				BE8C2E03295C800400AD11C2 /* SlideUIViews */,
			);
			productName = LinkSlides;
			productReference = BE0363FA28B14FBC00C667F5 /* LinkSlides.app */;
			productType = "com.apple.product-type.application";
		};
/* End PBXNativeTarget section */

/* Begin PBXProject section */
		BE0363F228B14FBC00C667F5 /* Project object */ = {
			isa = PBXProject;
			attributes = {
				BuildIndependentTargetsInParallel = 1;
				LastSwiftUpdateCheck = 1340;
				LastUpgradeCheck = 1420;
				TargetAttributes = {
					BE0363F928B14FBC00C667F5 = {
						CreatedOnToolsVersion = 13.4.1;
					};
				};
			};
			buildConfigurationList = BE0363F528B14FBC00C667F5 /* Build configuration list for PBXProject "LinkSlides" */;
			compatibilityVersion = "Xcode 13.0";
			developmentRegion = en;
			hasScannedForEncodings = 0;
			knownRegions = (
				en,
				Base,
				cs,
			);
			mainGroup = BE0363F128B14FBC00C667F5;
			packageReferences = (
			);
			productRefGroup = BE0363FB28B14FBC00C667F5 /* Products */;
			projectDirPath = "";
			projectRoot = "";
			targets = (
				BE0363F928B14FBC00C667F5 /* LinkSlides */,
			);
		};
/* End PBXProject section */

/* Begin PBXResourcesBuildPhase section */
		BE0363F828B14FBC00C667F5 /* Resources */ = {
			isa = PBXResourcesBuildPhase;
			buildActionMask = 2147483647;
			files = (
				BE03640528B14FBD00C667F5 /* Preview Assets.xcassets in Resources */,
				BE03640228B14FBD00C667F5 /* Assets.xcassets in Resources */,
			);
			runOnlyForDeploymentPostprocessing = 0;
		};
/* End PBXResourcesBuildPhase section */

/* Begin PBXSourcesBuildPhase section */
		BE0363F628B14FBC00C667F5 /* Sources */ = {
			isa = PBXSourcesBuildPhase;
			buildActionMask = 2147483647;
			files = (
				BE6430FC28BD291800BDB7D6 /* LibBackground.swift in Sources */,
				BE6430F428BD179700BDB7D6 /* SwiftModule.swift in Sources */,
				BE6430ED28BD01AD00BDB7D6 /* CLibStaticka.swift in Sources */,
				BE0363FE28B14FBC00C667F5 /* LinkSlidesApp.swift in Sources */,
				BE6430F628BD19C200BDB7D6 /* SwiftStatic.swift in Sources */,
				BEAE171D28D0D21D0057A27A /* Patrik.swift in Sources */,
				BE6430F228BD15C200BDB7D6 /* SwiftShrnuti.swift in Sources */,
				BEA78EEC28BBF3B200EC5816 /* KnihovnyHandoff.swift in Sources */,
				BEA78EF328BC1E6800EC5816 /* CDvaSoubory.swift in Sources */,
				BE6430EA28BCF0B300BDB7D6 /* OCteni.swift in Sources */,
				BE6430EF28BD0BFC00BDB7D6 /* CLibDynamicka.swift in Sources */,
				BEA78EF128BC18E300EC5816 /* CHeader.swift in Sources */,
				BE6430FA28BD27BF00BDB7D6 /* CBackground.swift in Sources */,
				BEA78EE828BBCE9E00EC5816 /* KnihovnyDylibVSA.swift in Sources */,
				BE6430E828BCC58800BDB7D6 /* OCoToJe.swift in Sources */,
				BEA78EE428BBCD4F00EC5816 /* UvodProc.swift in Sources */,
				BE4D2D5028BBCAD10086D7D8 /* UvodOTematu.swift in Sources */,
				BE03641C28B1589100C667F5 /* End.swift in Sources */,
				BE03641A28B1588500C667F5 /* Beginning.swift in Sources */,
				BEA78EEA28BBEF2A00EC5816 /* KnihovnyHighLvl.swift in Sources */,
				BEA78EEF28BBFD6E00EC5816 /* CZaklad.swift in Sources */,
				BE6430E428BCC48300BDB7D6 /* CShrnuti.swift in Sources */,
				BEBB4F3128B4C87B00F5DEB8 /* SwiftBackground.swift in Sources */,
				BE6430FE28BD2A6A00BDB7D6 /* OBackground.swift in Sources */,
			);
			runOnlyForDeploymentPostprocessing = 0;
		};
/* End PBXSourcesBuildPhase section */

/* Begin XCBuildConfiguration section */
		BE03640728B14FBD00C667F5 /* Debug */ = {
			isa = XCBuildConfiguration;
			buildSettings = {
				ALWAYS_SEARCH_USER_PATHS = NO;
				CLANG_ANALYZER_LOCALIZABILITY_NONLOCALIZED = YES;
				CLANG_ANALYZER_NONNULL = YES;
				CLANG_ANALYZER_NUMBER_OBJECT_CONVERSION = YES_AGGRESSIVE;
				CLANG_CXX_LANGUAGE_STANDARD = "gnu++17";
				CLANG_ENABLE_MODULES = YES;
				CLANG_ENABLE_OBJC_ARC = YES;
				CLANG_ENABLE_OBJC_WEAK = YES;
				CLANG_WARN_BLOCK_CAPTURE_AUTORELEASING = YES;
				CLANG_WARN_BOOL_CONVERSION = YES;
				CLANG_WARN_COMMA = YES;
				CLANG_WARN_CONSTANT_CONVERSION = YES;
				CLANG_WARN_DEPRECATED_OBJC_IMPLEMENTATIONS = YES;
				CLANG_WARN_DIRECT_OBJC_ISA_USAGE = YES_ERROR;
				CLANG_WARN_DOCUMENTATION_COMMENTS = YES;
				CLANG_WARN_EMPTY_BODY = YES;
				CLANG_WARN_ENUM_CONVERSION = YES;
				CLANG_WARN_INFINITE_RECURSION = YES;
				CLANG_WARN_INT_CONVERSION = YES;
				CLANG_WARN_NON_LITERAL_NULL_CONVERSION = YES;
				CLANG_WARN_OBJC_IMPLICIT_RETAIN_SELF = YES;
				CLANG_WARN_OBJC_LITERAL_CONVERSION = YES;
				CLANG_WARN_OBJC_ROOT_CLASS = YES_ERROR;
				CLANG_WARN_QUOTED_INCLUDE_IN_FRAMEWORK_HEADER = YES;
				CLANG_WARN_RANGE_LOOP_ANALYSIS = YES;
				CLANG_WARN_STRICT_PROTOTYPES = YES;
				CLANG_WARN_SUSPICIOUS_MOVE = YES;
				CLANG_WARN_UNGUARDED_AVAILABILITY = YES_AGGRESSIVE;
				CLANG_WARN_UNREACHABLE_CODE = YES;
				CLANG_WARN__DUPLICATE_METHOD_MATCH = YES;
				COPY_PHASE_STRIP = NO;
				DEAD_CODE_STRIPPING = YES;
				DEBUG_INFORMATION_FORMAT = dwarf;
				ENABLE_STRICT_OBJC_MSGSEND = YES;
				ENABLE_TESTABILITY = YES;
				GCC_C_LANGUAGE_STANDARD = gnu11;
				GCC_DYNAMIC_NO_PIC = NO;
				GCC_NO_COMMON_BLOCKS = YES;
				GCC_OPTIMIZATION_LEVEL = 0;
				GCC_PREPROCESSOR_DEFINITIONS = (
					"DEBUG=1",
					"$(inherited)",
				);
				GCC_WARN_64_TO_32_BIT_CONVERSION = YES;
				GCC_WARN_ABOUT_RETURN_TYPE = YES_ERROR;
				GCC_WARN_UNDECLARED_SELECTOR = YES;
				GCC_WARN_UNINITIALIZED_AUTOS = YES_AGGRESSIVE;
				GCC_WARN_UNUSED_FUNCTION = YES;
				GCC_WARN_UNUSED_VARIABLE = YES;
				INFOPLIST_FILE = "";
				MACOSX_DEPLOYMENT_TARGET = 13.0;
				MTL_ENABLE_DEBUG_INFO = INCLUDE_SOURCE;
				MTL_FAST_MATH = YES;
				ONLY_ACTIVE_ARCH = YES;
				SDKROOT = macosx;
				SWIFT_ACTIVE_COMPILATION_CONDITIONS = DEBUG;
				SWIFT_OPTIMIZATION_LEVEL = "-Onone";
			};
			name = Debug;
		};
		BE03640828B14FBD00C667F5 /* Release */ = {
			isa = XCBuildConfiguration;
			buildSettings = {
				ALWAYS_SEARCH_USER_PATHS = NO;
				CLANG_ANALYZER_LOCALIZABILITY_NONLOCALIZED = YES;
				CLANG_ANALYZER_NONNULL = YES;
				CLANG_ANALYZER_NUMBER_OBJECT_CONVERSION = YES_AGGRESSIVE;
				CLANG_CXX_LANGUAGE_STANDARD = "gnu++17";
				CLANG_ENABLE_MODULES = YES;
				CLANG_ENABLE_OBJC_ARC = YES;
				CLANG_ENABLE_OBJC_WEAK = YES;
				CLANG_WARN_BLOCK_CAPTURE_AUTORELEASING = YES;
				CLANG_WARN_BOOL_CONVERSION = YES;
				CLANG_WARN_COMMA = YES;
				CLANG_WARN_CONSTANT_CONVERSION = YES;
				CLANG_WARN_DEPRECATED_OBJC_IMPLEMENTATIONS = YES;
				CLANG_WARN_DIRECT_OBJC_ISA_USAGE = YES_ERROR;
				CLANG_WARN_DOCUMENTATION_COMMENTS = YES;
				CLANG_WARN_EMPTY_BODY = YES;
				CLANG_WARN_ENUM_CONVERSION = YES;
				CLANG_WARN_INFINITE_RECURSION = YES;
				CLANG_WARN_INT_CONVERSION = YES;
				CLANG_WARN_NON_LITERAL_NULL_CONVERSION = YES;
				CLANG_WARN_OBJC_IMPLICIT_RETAIN_SELF = YES;
				CLANG_WARN_OBJC_LITERAL_CONVERSION = YES;
				CLANG_WARN_OBJC_ROOT_CLASS = YES_ERROR;
				CLANG_WARN_QUOTED_INCLUDE_IN_FRAMEWORK_HEADER = YES;
				CLANG_WARN_RANGE_LOOP_ANALYSIS = YES;
				CLANG_WARN_STRICT_PROTOTYPES = YES;
				CLANG_WARN_SUSPICIOUS_MOVE = YES;
				CLANG_WARN_UNGUARDED_AVAILABILITY = YES_AGGRESSIVE;
				CLANG_WARN_UNREACHABLE_CODE = YES;
				CLANG_WARN__DUPLICATE_METHOD_MATCH = YES;
				COPY_PHASE_STRIP = NO;
				DEAD_CODE_STRIPPING = YES;
				DEBUG_INFORMATION_FORMAT = "dwarf-with-dsym";
				ENABLE_NS_ASSERTIONS = NO;
				ENABLE_STRICT_OBJC_MSGSEND = YES;
				GCC_C_LANGUAGE_STANDARD = gnu11;
				GCC_NO_COMMON_BLOCKS = YES;
				GCC_WARN_64_TO_32_BIT_CONVERSION = YES;
				GCC_WARN_ABOUT_RETURN_TYPE = YES_ERROR;
				GCC_WARN_UNDECLARED_SELECTOR = YES;
				GCC_WARN_UNINITIALIZED_AUTOS = YES_AGGRESSIVE;
				GCC_WARN_UNUSED_FUNCTION = YES;
				GCC_WARN_UNUSED_VARIABLE = YES;
				INFOPLIST_FILE = "";
				MACOSX_DEPLOYMENT_TARGET = 13.0;
				MTL_ENABLE_DEBUG_INFO = NO;
				MTL_FAST_MATH = YES;
				SDKROOT = macosx;
				SWIFT_COMPILATION_MODE = wholemodule;
				SWIFT_OPTIMIZATION_LEVEL = "-O";
			};
			name = Release;
		};
		BE03640A28B14FBD00C667F5 /* Debug */ = {
			isa = XCBuildConfiguration;
			buildSettings = {
				ASSETCATALOG_COMPILER_APPICON_NAME = AppIcon;
				ASSETCATALOG_COMPILER_GLOBAL_ACCENT_COLOR_NAME = AccentColor;
				CODE_SIGN_ENTITLEMENTS = LinkSlides/Supporting/LinkSlides.entitlements;
				CODE_SIGN_IDENTITY = "-";
				CODE_SIGN_STYLE = Automatic;
				COMBINE_HIDPI_IMAGES = YES;
				CURRENT_PROJECT_VERSION = 1;
				DEAD_CODE_STRIPPING = YES;
				DEVELOPMENT_ASSET_PATHS = "\"LinkSlides/Supporting\"";
				ENABLE_PREVIEWS = YES;
				GENERATE_INFOPLIST_FILE = YES;
				INFOPLIST_KEY_NSHumanReadableCopyright = "";
				LD_RUNPATH_SEARCH_PATHS = (
					"$(inherited)",
					"@executable_path/../Frameworks",
				);
				MACOSX_DEPLOYMENT_TARGET = 13.0;
				MARKETING_VERSION = 1.0;
				OTHER_LDFLAGS = "";
				PRODUCT_BUNDLE_IDENTIFIER = cz.miki.LinkSlides;
				PRODUCT_NAME = "$(TARGET_NAME)";
				SWIFT_EMIT_LOC_STRINGS = YES;
				SWIFT_VERSION = 5.0;
			};
			name = Debug;
		};
		BE03640B28B14FBD00C667F5 /* Release */ = {
			isa = XCBuildConfiguration;
			buildSettings = {
				ASSETCATALOG_COMPILER_APPICON_NAME = AppIcon;
				ASSETCATALOG_COMPILER_GLOBAL_ACCENT_COLOR_NAME = AccentColor;
				CODE_SIGN_ENTITLEMENTS = LinkSlides/Supporting/LinkSlides.entitlements;
				CODE_SIGN_IDENTITY = "-";
				CODE_SIGN_STYLE = Automatic;
				COMBINE_HIDPI_IMAGES = YES;
				CURRENT_PROJECT_VERSION = 1;
				DEAD_CODE_STRIPPING = YES;
				DEVELOPMENT_ASSET_PATHS = "\"LinkSlides/Supporting\"";
				ENABLE_PREVIEWS = YES;
				GENERATE_INFOPLIST_FILE = YES;
				INFOPLIST_KEY_NSHumanReadableCopyright = "";
				LD_RUNPATH_SEARCH_PATHS = (
					"$(inherited)",
					"@executable_path/../Frameworks",
				);
				MACOSX_DEPLOYMENT_TARGET = 13.0;
				MARKETING_VERSION = 1.0;
				OTHER_LDFLAGS = "";
				PRODUCT_BUNDLE_IDENTIFIER = cz.miki.LinkSlides;
				PRODUCT_NAME = "$(TARGET_NAME)";
				SWIFT_EMIT_LOC_STRINGS = YES;
				SWIFT_VERSION = 5.0;
			};
			name = Release;
		};
/* End XCBuildConfiguration section */

/* Begin XCConfigurationList section */
		BE0363F528B14FBC00C667F5 /* Build configuration list for PBXProject "LinkSlides" */ = {
			isa = XCConfigurationList;
			buildConfigurations = (
				BE03640728B14FBD00C667F5 /* Debug */,
				BE03640828B14FBD00C667F5 /* Release */,
			);
			defaultConfigurationIsVisible = 0;
			defaultConfigurationName = Release;
		};
		BE03640928B14FBD00C667F5 /* Build configuration list for PBXNativeTarget "LinkSlides" */ = {
			isa = XCConfigurationList;
			buildConfigurations = (
				BE03640A28B14FBD00C667F5 /* Debug */,
				BE03640B28B14FBD00C667F5 /* Release */,
			);
			defaultConfigurationIsVisible = 0;
			defaultConfigurationName = Release;
		};
/* End XCConfigurationList section */

/* Begin XCSwiftPackageProductDependency section */
		BE8C2DFF295C800400AD11C2 /* SlideUI */ = {
			isa = XCSwiftPackageProductDependency;
			productName = SlideUI;
		};
		BE8C2E01295C800400AD11C2 /* SlideUICommons */ = {
			isa = XCSwiftPackageProductDependency;
			productName = SlideUICommons;
		};
		BE8C2E03295C800400AD11C2 /* SlideUIViews */ = {
			isa = XCSwiftPackageProductDependency;
			productName = SlideUIViews;
		};
/* End XCSwiftPackageProductDependency section */
	};
	rootObject = BE0363F228B14FBC00C667F5 /* Project object */;
}
