// !$*UTF8*$!
{
	archiveVersion = 1;
	classes = {
	};
	objectVersion = 55;
	objects = {

/* Begin PBXBuildFile section */
		BE0363FE28B14FBC00C667F5 /* LinkSlidesApp.swift in Sources */ = {isa = PBXBuildFile; fileRef = BE0363FD28B14FBC00C667F5 /* LinkSlidesApp.swift */; };
		BE03640228B14FBD00C667F5 /* Assets.xcassets in Resources */ = {isa = PBXBuildFile; fileRef = BE03640128B14FBD00C667F5 /* Assets.xcassets */; };
		BE03640528B14FBD00C667F5 /* Preview Assets.xcassets in Resources */ = {isa = PBXBuildFile; fileRef = BE03640428B14FBD00C667F5 /* Preview Assets.xcassets */; };
		BE03640E28B14FE300C667F5 /* SlideSupport.swift in Sources */ = {isa = PBXBuildFile; fileRef = BE03640D28B14FE300C667F5 /* SlideSupport.swift */; };
		BE03641028B1502200C667F5 /* DynamicViewSupport.swift in Sources */ = {isa = PBXBuildFile; fileRef = BE03640F28B1502200C667F5 /* DynamicViewSupport.swift */; };
		BE03641228B1504800C667F5 /* Slides.swift in Sources */ = {isa = PBXBuildFile; fileRef = BE03641128B1504800C667F5 /* Slides.swift */; };
		BE03641A28B1588500C667F5 /* Beginning.swift in Sources */ = {isa = PBXBuildFile; fileRef = BE03641928B1588500C667F5 /* Beginning.swift */; };
		BE03641C28B1589100C667F5 /* End.swift in Sources */ = {isa = PBXBuildFile; fileRef = BE03641B28B1589100C667F5 /* End.swift */; };
		BE03641E28B158A400C667F5 /* WhatIsFTD.swift in Sources */ = {isa = PBXBuildFile; fileRef = BE03641D28B158A400C667F5 /* WhatIsFTD.swift */; };
		BE03642028B158AC00C667F5 /* FTDExample.swift in Sources */ = {isa = PBXBuildFile; fileRef = BE03641F28B158AC00C667F5 /* FTDExample.swift */; };
		BE03642328B1638900C667F5 /* CodeEditor in Frameworks */ = {isa = PBXBuildFile; productRef = BE03642228B1638900C667F5 /* CodeEditor */; };
		BE6FF46E28B3990600802752 /* SupportingViews.swift in Sources */ = {isa = PBXBuildFile; fileRef = BE6FF46D28B3990600802752 /* SupportingViews.swift */; };
		BE8BFF1228B3764200B04726 /* TerminalView.swift in Sources */ = {isa = PBXBuildFile; fileRef = BE8BFF1128B3764200B04726 /* TerminalView.swift */; };
		BEC1FF1A28B2782B00C8FB26 /* SlideControlPanel.swift in Sources */ = {isa = PBXBuildFile; fileRef = BEC1FF1928B2782B00C8FB26 /* SlideControlPanel.swift */; };
		BEEC47C928B366BB00BF5C2A /* CodeView.swift in Sources */ = {isa = PBXBuildFile; fileRef = BEEC47C828B366BB00BF5C2A /* CodeView.swift */; };
/* End PBXBuildFile section */

/* Begin PBXFileReference section */
		BE0363FA28B14FBC00C667F5 /* LinkSlides.app */ = {isa = PBXFileReference; explicitFileType = wrapper.application; includeInIndex = 0; path = LinkSlides.app; sourceTree = BUILT_PRODUCTS_DIR; };
		BE0363FD28B14FBC00C667F5 /* LinkSlidesApp.swift */ = {isa = PBXFileReference; lastKnownFileType = sourcecode.swift; path = LinkSlidesApp.swift; sourceTree = "<group>"; };
		BE03640128B14FBD00C667F5 /* Assets.xcassets */ = {isa = PBXFileReference; lastKnownFileType = folder.assetcatalog; path = Assets.xcassets; sourceTree = "<group>"; };
		BE03640428B14FBD00C667F5 /* Preview Assets.xcassets */ = {isa = PBXFileReference; lastKnownFileType = folder.assetcatalog; path = "Preview Assets.xcassets"; sourceTree = "<group>"; };
		BE03640628B14FBD00C667F5 /* LinkSlides.entitlements */ = {isa = PBXFileReference; lastKnownFileType = text.plist.entitlements; path = LinkSlides.entitlements; sourceTree = "<group>"; };
		BE03640D28B14FE300C667F5 /* SlideSupport.swift */ = {isa = PBXFileReference; lastKnownFileType = sourcecode.swift; path = SlideSupport.swift; sourceTree = "<group>"; };
		BE03640F28B1502200C667F5 /* DynamicViewSupport.swift */ = {isa = PBXFileReference; lastKnownFileType = sourcecode.swift; path = DynamicViewSupport.swift; sourceTree = "<group>"; };
		BE03641128B1504800C667F5 /* Slides.swift */ = {isa = PBXFileReference; lastKnownFileType = sourcecode.swift; path = Slides.swift; sourceTree = "<group>"; };
		BE03641928B1588500C667F5 /* Beginning.swift */ = {isa = PBXFileReference; lastKnownFileType = sourcecode.swift; path = Beginning.swift; sourceTree = "<group>"; };
		BE03641B28B1589100C667F5 /* End.swift */ = {isa = PBXFileReference; lastKnownFileType = sourcecode.swift; path = End.swift; sourceTree = "<group>"; };
		BE03641D28B158A400C667F5 /* WhatIsFTD.swift */ = {isa = PBXFileReference; lastKnownFileType = sourcecode.swift; path = WhatIsFTD.swift; sourceTree = "<group>"; };
		BE03641F28B158AC00C667F5 /* FTDExample.swift */ = {isa = PBXFileReference; lastKnownFileType = sourcecode.swift; path = FTDExample.swift; sourceTree = "<group>"; };
		BE6FF46D28B3990600802752 /* SupportingViews.swift */ = {isa = PBXFileReference; lastKnownFileType = sourcecode.swift; path = SupportingViews.swift; sourceTree = "<group>"; };
		BE8BFF1128B3764200B04726 /* TerminalView.swift */ = {isa = PBXFileReference; lastKnownFileType = sourcecode.swift; path = TerminalView.swift; sourceTree = "<group>"; };
		BEC1FF1928B2782B00C8FB26 /* SlideControlPanel.swift */ = {isa = PBXFileReference; lastKnownFileType = sourcecode.swift; path = SlideControlPanel.swift; sourceTree = "<group>"; };
		BEEC47C828B366BB00BF5C2A /* CodeView.swift */ = {isa = PBXFileReference; lastKnownFileType = sourcecode.swift; path = CodeView.swift; sourceTree = "<group>"; };
/* End PBXFileReference section */

/* Begin PBXFrameworksBuildPhase section */
		BE0363F728B14FBC00C667F5 /* Frameworks */ = {
			isa = PBXFrameworksBuildPhase;
			buildActionMask = 2147483647;
			files = (
				BE03642328B1638900C667F5 /* CodeEditor in Frameworks */,
			);
			runOnlyForDeploymentPostprocessing = 0;
		};
/* End PBXFrameworksBuildPhase section */

/* Begin PBXGroup section */
		BE0363F128B14FBC00C667F5 = {
			isa = PBXGroup;
			children = (
				BE0363FC28B14FBC00C667F5 /* LinkSlides */,
				BE0363FB28B14FBC00C667F5 /* Products */,
			);
			sourceTree = "<group>";
		};
		BE0363FB28B14FBC00C667F5 /* Products */ = {
			isa = PBXGroup;
			children = (
				BE0363FA28B14FBC00C667F5 /* LinkSlides.app */,
			);
			name = Products;
			sourceTree = "<group>";
		};
		BE0363FC28B14FBC00C667F5 /* LinkSlides */ = {
			isa = PBXGroup;
			children = (
				BE03641128B1504800C667F5 /* Slides.swift */,
				BE03641628B1586100C667F5 /* Slides */,
				BE03640D28B14FE300C667F5 /* SlideSupport.swift */,
				BE8BFF1128B3764200B04726 /* TerminalView.swift */,
				BEEC47C828B366BB00BF5C2A /* CodeView.swift */,
				BEC1FF1928B2782B00C8FB26 /* SlideControlPanel.swift */,
				BE03640F28B1502200C667F5 /* DynamicViewSupport.swift */,
				BE0363FD28B14FBC00C667F5 /* LinkSlidesApp.swift */,
				BE03640C28B14FD200C667F5 /* Supporting */,
				BE03640328B14FBD00C667F5 /* Preview Content */,
				BE6FF46D28B3990600802752 /* SupportingViews.swift */,
			);
			path = LinkSlides;
			sourceTree = "<group>";
		};
		BE03640328B14FBD00C667F5 /* Preview Content */ = {
			isa = PBXGroup;
			children = (
				BE03640428B14FBD00C667F5 /* Preview Assets.xcassets */,
			);
			path = "Preview Content";
			sourceTree = "<group>";
		};
		BE03640C28B14FD200C667F5 /* Supporting */ = {
			isa = PBXGroup;
			children = (
				BE03640128B14FBD00C667F5 /* Assets.xcassets */,
				BE03640628B14FBD00C667F5 /* LinkSlides.entitlements */,
			);
			path = Supporting;
			sourceTree = "<group>";
		};
		BE03641628B1586100C667F5 /* Slides */ = {
			isa = PBXGroup;
			children = (
				BE03641928B1588500C667F5 /* Beginning.swift */,
				BE03641B28B1589100C667F5 /* End.swift */,
				BE03641D28B158A400C667F5 /* WhatIsFTD.swift */,
				BE03641F28B158AC00C667F5 /* FTDExample.swift */,
			);
			path = Slides;
			sourceTree = "<group>";
		};
/* End PBXGroup section */

/* Begin PBXNativeTarget section */
		BE0363F928B14FBC00C667F5 /* LinkSlides */ = {
			isa = PBXNativeTarget;
			buildConfigurationList = BE03640928B14FBD00C667F5 /* Build configuration list for PBXNativeTarget "LinkSlides" */;
			buildPhases = (
				BE0363F628B14FBC00C667F5 /* Sources */,
				BE0363F728B14FBC00C667F5 /* Frameworks */,
				BE0363F828B14FBC00C667F5 /* Resources */,
			);
			buildRules = (
			);
			dependencies = (
			);
			name = LinkSlides;
			packageProductDependencies = (
				BE03642228B1638900C667F5 /* CodeEditor */,
			);
			productName = LinkSlides;
			productReference = BE0363FA28B14FBC00C667F5 /* LinkSlides.app */;
			productType = "com.apple.product-type.application";
		};
/* End PBXNativeTarget section */

/* Begin PBXProject section */
		BE0363F228B14FBC00C667F5 /* Project object */ = {
			isa = PBXProject;
			attributes = {
				BuildIndependentTargetsInParallel = 1;
				LastSwiftUpdateCheck = 1340;
				LastUpgradeCheck = 1340;
				TargetAttributes = {
					BE0363F928B14FBC00C667F5 = {
						CreatedOnToolsVersion = 13.4.1;
					};
				};
			};
			buildConfigurationList = BE0363F528B14FBC00C667F5 /* Build configuration list for PBXProject "LinkSlides" */;
			compatibilityVersion = "Xcode 13.0";
			developmentRegion = en;
			hasScannedForEncodings = 0;
			knownRegions = (
				en,
				Base,
			);
			mainGroup = BE0363F128B14FBC00C667F5;
			packageReferences = (
				BE03642128B1638900C667F5 /* XCRemoteSwiftPackageReference "CodeEditor" */,
			);
			productRefGroup = BE0363FB28B14FBC00C667F5 /* Products */;
			projectDirPath = "";
			projectRoot = "";
			targets = (
				BE0363F928B14FBC00C667F5 /* LinkSlides */,
			);
		};
/* End PBXProject section */

/* Begin PBXResourcesBuildPhase section */
		BE0363F828B14FBC00C667F5 /* Resources */ = {
			isa = PBXResourcesBuildPhase;
			buildActionMask = 2147483647;
			files = (
				BE03640528B14FBD00C667F5 /* Preview Assets.xcassets in Resources */,
				BE03640228B14FBD00C667F5 /* Assets.xcassets in Resources */,
			);
			runOnlyForDeploymentPostprocessing = 0;
		};
/* End PBXResourcesBuildPhase section */

/* Begin PBXSourcesBuildPhase section */
		BE0363F628B14FBC00C667F5 /* Sources */ = {
			isa = PBXSourcesBuildPhase;
			buildActionMask = 2147483647;
			files = (
				BE8BFF1228B3764200B04726 /* TerminalView.swift in Sources */,
				BE6FF46E28B3990600802752 /* SupportingViews.swift in Sources */,
				BE0363FE28B14FBC00C667F5 /* LinkSlidesApp.swift in Sources */,
				BEEC47C928B366BB00BF5C2A /* CodeView.swift in Sources */,
				BE03641E28B158A400C667F5 /* WhatIsFTD.swift in Sources */,
				BE03641028B1502200C667F5 /* DynamicViewSupport.swift in Sources */,
				BE03640E28B14FE300C667F5 /* SlideSupport.swift in Sources */,
				BE03641C28B1589100C667F5 /* End.swift in Sources */,
				BE03642028B158AC00C667F5 /* FTDExample.swift in Sources */,
				BE03641228B1504800C667F5 /* Slides.swift in Sources */,
				BE03641A28B1588500C667F5 /* Beginning.swift in Sources */,
				BEC1FF1A28B2782B00C8FB26 /* SlideControlPanel.swift in Sources */,
			);
			runOnlyForDeploymentPostprocessing = 0;
		};
/* End PBXSourcesBuildPhase section */

/* Begin XCBuildConfiguration section */
		BE03640728B14FBD00C667F5 /* Debug */ = {
			isa = XCBuildConfiguration;
			buildSettings = {
				ALWAYS_SEARCH_USER_PATHS = NO;
				CLANG_ANALYZER_NONNULL = YES;
				CLANG_ANALYZER_NUMBER_OBJECT_CONVERSION = YES_AGGRESSIVE;
				CLANG_CXX_LANGUAGE_STANDARD = "gnu++17";
				CLANG_ENABLE_MODULES = YES;
				CLANG_ENABLE_OBJC_ARC = YES;
				CLANG_ENABLE_OBJC_WEAK = YES;
				CLANG_WARN_BLOCK_CAPTURE_AUTORELEASING = YES;
				CLANG_WARN_BOOL_CONVERSION = YES;
				CLANG_WARN_COMMA = YES;
				CLANG_WARN_CONSTANT_CONVERSION = YES;
				CLANG_WARN_DEPRECATED_OBJC_IMPLEMENTATIONS = YES;
				CLANG_WARN_DIRECT_OBJC_ISA_USAGE = YES_ERROR;
				CLANG_WARN_DOCUMENTATION_COMMENTS = YES;
				CLANG_WARN_EMPTY_BODY = YES;
				CLANG_WARN_ENUM_CONVERSION = YES;
				CLANG_WARN_INFINITE_RECURSION = YES;
				CLANG_WARN_INT_CONVERSION = YES;
				CLANG_WARN_NON_LITERAL_NULL_CONVERSION = YES;
				CLANG_WARN_OBJC_IMPLICIT_RETAIN_SELF = YES;
				CLANG_WARN_OBJC_LITERAL_CONVERSION = YES;
				CLANG_WARN_OBJC_ROOT_CLASS = YES_ERROR;
				CLANG_WARN_QUOTED_INCLUDE_IN_FRAMEWORK_HEADER = YES;
				CLANG_WARN_RANGE_LOOP_ANALYSIS = YES;
				CLANG_WARN_STRICT_PROTOTYPES = YES;
				CLANG_WARN_SUSPICIOUS_MOVE = YES;
				CLANG_WARN_UNGUARDED_AVAILABILITY = YES_AGGRESSIVE;
				CLANG_WARN_UNREACHABLE_CODE = YES;
				CLANG_WARN__DUPLICATE_METHOD_MATCH = YES;
				COPY_PHASE_STRIP = NO;
				DEBUG_INFORMATION_FORMAT = dwarf;
				ENABLE_STRICT_OBJC_MSGSEND = YES;
				ENABLE_TESTABILITY = YES;
				GCC_C_LANGUAGE_STANDARD = gnu11;
				GCC_DYNAMIC_NO_PIC = NO;
				GCC_NO_COMMON_BLOCKS = YES;
				GCC_OPTIMIZATION_LEVEL = 0;
				GCC_PREPROCESSOR_DEFINITIONS = (
					"DEBUG=1",
					"$(inherited)",
				);
				GCC_WARN_64_TO_32_BIT_CONVERSION = YES;
				GCC_WARN_ABOUT_RETURN_TYPE = YES_ERROR;
				GCC_WARN_UNDECLARED_SELECTOR = YES;
				GCC_WARN_UNINITIALIZED_AUTOS = YES_AGGRESSIVE;
				GCC_WARN_UNUSED_FUNCTION = YES;
				GCC_WARN_UNUSED_VARIABLE = YES;
				MACOSX_DEPLOYMENT_TARGET = 13.0;
				MTL_ENABLE_DEBUG_INFO = INCLUDE_SOURCE;
				MTL_FAST_MATH = YES;
				ONLY_ACTIVE_ARCH = YES;
				SDKROOT = macosx;
				SWIFT_ACTIVE_COMPILATION_CONDITIONS = DEBUG;
				SWIFT_OPTIMIZATION_LEVEL = "-Onone";
			};
			name = Debug;
		};
		BE03640828B14FBD00C667F5 /* Release */ = {
			isa = XCBuildConfiguration;
			buildSettings = {
				ALWAYS_SEARCH_USER_PATHS = NO;
				CLANG_ANALYZER_NONNULL = YES;
				CLANG_ANALYZER_NUMBER_OBJECT_CONVERSION = YES_AGGRESSIVE;
				CLANG_CXX_LANGUAGE_STANDARD = "gnu++17";
				CLANG_ENABLE_MODULES = YES;
				CLANG_ENABLE_OBJC_ARC = YES;
				CLANG_ENABLE_OBJC_WEAK = YES;
				CLANG_WARN_BLOCK_CAPTURE_AUTORELEASING = YES;
				CLANG_WARN_BOOL_CONVERSION = YES;
				CLANG_WARN_COMMA = YES;
				CLANG_WARN_CONSTANT_CONVERSION = YES;
				CLANG_WARN_DEPRECATED_OBJC_IMPLEMENTATIONS = YES;
				CLANG_WARN_DIRECT_OBJC_ISA_USAGE = YES_ERROR;
				CLANG_WARN_DOCUMENTATION_COMMENTS = YES;
				CLANG_WARN_EMPTY_BODY = YES;
				CLANG_WARN_ENUM_CONVERSION = YES;
				CLANG_WARN_INFINITE_RECURSION = YES;
				CLANG_WARN_INT_CONVERSION = YES;
				CLANG_WARN_NON_LITERAL_NULL_CONVERSION = YES;
				CLANG_WARN_OBJC_IMPLICIT_RETAIN_SELF = YES;
				CLANG_WARN_OBJC_LITERAL_CONVERSION = YES;
				CLANG_WARN_OBJC_ROOT_CLASS = YES_ERROR;
				CLANG_WARN_QUOTED_INCLUDE_IN_FRAMEWORK_HEADER = YES;
				CLANG_WARN_RANGE_LOOP_ANALYSIS = YES;
				CLANG_WARN_STRICT_PROTOTYPES = YES;
				CLANG_WARN_SUSPICIOUS_MOVE = YES;
				CLANG_WARN_UNGUARDED_AVAILABILITY = YES_AGGRESSIVE;
				CLANG_WARN_UNREACHABLE_CODE = YES;
				CLANG_WARN__DUPLICATE_METHOD_MATCH = YES;
				COPY_PHASE_STRIP = NO;
				DEBUG_INFORMATION_FORMAT = "dwarf-with-dsym";
				ENABLE_NS_ASSERTIONS = NO;
				ENABLE_STRICT_OBJC_MSGSEND = YES;
				GCC_C_LANGUAGE_STANDARD = gnu11;
				GCC_NO_COMMON_BLOCKS = YES;
				GCC_WARN_64_TO_32_BIT_CONVERSION = YES;
				GCC_WARN_ABOUT_RETURN_TYPE = YES_ERROR;
				GCC_WARN_UNDECLARED_SELECTOR = YES;
				GCC_WARN_UNINITIALIZED_AUTOS = YES_AGGRESSIVE;
				GCC_WARN_UNUSED_FUNCTION = YES;
				GCC_WARN_UNUSED_VARIABLE = YES;
				MACOSX_DEPLOYMENT_TARGET = 13.0;
				MTL_ENABLE_DEBUG_INFO = NO;
				MTL_FAST_MATH = YES;
				SDKROOT = macosx;
				SWIFT_COMPILATION_MODE = wholemodule;
				SWIFT_OPTIMIZATION_LEVEL = "-O";
			};
			name = Release;
		};
		BE03640A28B14FBD00C667F5 /* Debug */ = {
			isa = XCBuildConfiguration;
			buildSettings = {
				ASSETCATALOG_COMPILER_APPICON_NAME = AppIcon;
				ASSETCATALOG_COMPILER_GLOBAL_ACCENT_COLOR_NAME = AccentColor;
				CODE_SIGN_ENTITLEMENTS = LinkSlides/Supporting/LinkSlides.entitlements;
				CODE_SIGN_STYLE = Automatic;
				COMBINE_HIDPI_IMAGES = YES;
				CURRENT_PROJECT_VERSION = 1;
				DEVELOPMENT_ASSET_PATHS = "\"LinkSlides/Preview Content\"";
				ENABLE_PREVIEWS = YES;
				GENERATE_INFOPLIST_FILE = YES;
				INFOPLIST_KEY_NSHumanReadableCopyright = "";
				LD_RUNPATH_SEARCH_PATHS = (
					"$(inherited)",
					"@executable_path/../Frameworks",
				);
				MARKETING_VERSION = 1.0;
				PRODUCT_BUNDLE_IDENTIFIER = cz.miki.LinkSlides;
				PRODUCT_NAME = "$(TARGET_NAME)";
				SWIFT_EMIT_LOC_STRINGS = YES;
				SWIFT_VERSION = 5.0;
			};
			name = Debug;
		};
		BE03640B28B14FBD00C667F5 /* Release */ = {
			isa = XCBuildConfiguration;
			buildSettings = {
				ASSETCATALOG_COMPILER_APPICON_NAME = AppIcon;
				ASSETCATALOG_COMPILER_GLOBAL_ACCENT_COLOR_NAME = AccentColor;
				CODE_SIGN_ENTITLEMENTS = LinkSlides/Supporting/LinkSlides.entitlements;
				CODE_SIGN_STYLE = Automatic;
				COMBINE_HIDPI_IMAGES = YES;
				CURRENT_PROJECT_VERSION = 1;
				DEVELOPMENT_ASSET_PATHS = "\"LinkSlides/Preview Content\"";
				ENABLE_PREVIEWS = YES;
				GENERATE_INFOPLIST_FILE = YES;
				INFOPLIST_KEY_NSHumanReadableCopyright = "";
				LD_RUNPATH_SEARCH_PATHS = (
					"$(inherited)",
					"@executable_path/../Frameworks",
				);
				MARKETING_VERSION = 1.0;
				PRODUCT_BUNDLE_IDENTIFIER = cz.miki.LinkSlides;
				PRODUCT_NAME = "$(TARGET_NAME)";
				SWIFT_EMIT_LOC_STRINGS = YES;
				SWIFT_VERSION = 5.0;
			};
			name = Release;
		};
/* End XCBuildConfiguration section */

/* Begin XCConfigurationList section */
		BE0363F528B14FBC00C667F5 /* Build configuration list for PBXProject "LinkSlides" */ = {
			isa = XCConfigurationList;
			buildConfigurations = (
				BE03640728B14FBD00C667F5 /* Debug */,
				BE03640828B14FBD00C667F5 /* Release */,
			);
			defaultConfigurationIsVisible = 0;
			defaultConfigurationName = Release;
		};
		BE03640928B14FBD00C667F5 /* Build configuration list for PBXNativeTarget "LinkSlides" */ = {
			isa = XCConfigurationList;
			buildConfigurations = (
				BE03640A28B14FBD00C667F5 /* Debug */,
				BE03640B28B14FBD00C667F5 /* Release */,
			);
			defaultConfigurationIsVisible = 0;
			defaultConfigurationName = Release;
		};
/* End XCConfigurationList section */

/* Begin XCRemoteSwiftPackageReference section */
		BE03642128B1638900C667F5 /* XCRemoteSwiftPackageReference "CodeEditor" */ = {
			isa = XCRemoteSwiftPackageReference;
			repositoryURL = "https://github.com/ZeeZide/CodeEditor.git";
			requirement = {
				kind = upToNextMajorVersion;
				minimumVersion = 1.0.0;
			};
		};
/* End XCRemoteSwiftPackageReference section */

/* Begin XCSwiftPackageProductDependency section */
		BE03642228B1638900C667F5 /* CodeEditor */ = {
			isa = XCSwiftPackageProductDependency;
			package = BE03642128B1638900C667F5 /* XCRemoteSwiftPackageReference "CodeEditor" */;
			productName = CodeEditor;
		};
/* End XCSwiftPackageProductDependency section */
	};
	rootObject = BE0363F228B14FBC00C667F5 /* Project object */;
}
